
Microsoft Visual Studio Solution File, Format Version 12.00
# Visual Studio Version 17
VisualStudioVersion = 17.8.34525.116
MinimumVisualStudioVersion = 10.0.40219.1
Project("{FAE04EC0-301F-11D3-BF4B-00C04F79EFBC}") = "Exercicio CRUD+DAO+XML", "Exercicio CRUD+DAO+XML\Exercicio CRUD+DAO+XML.csproj", "{C97D7A71-0C64-46A8-9EF7-1700E575DEFD}"
EndProject
Global
	GlobalSection(SolutionConfigurationPlatforms) = preSolution
		Debug|Any CPU = Debug|Any CPU
		Release|Any CPU = Release|Any CPU
	EndGlobalSection
	GlobalSection(ProjectConfigurationPlatforms) = postSolution
		{C97D7A71-0C64-46A8-9EF7-1700E575DEFD}.Debug|Any CPU.ActiveCfg = Debug|Any CPU
		{C97D7A71-0C64-46A8-9EF7-1700E575DEFD}.Debug|Any CPU.Build.0 = Debug|Any CPU
		{C97D7A71-0C64-46A8-9EF7-1700E575DEFD}.Release|Any CPU.ActiveCfg = Release|Any CPU
		{C97D7A71-0C64-46A8-9EF7-1700E575DEFD}.Release|Any CPU.Build.0 = Release|Any CPU
	EndGlobalSection
	GlobalSection(SolutionProperties) = preSolution
		HideSolutionNode = FALSE
	EndGlobalSection
	GlobalSection(ExtensibilityGlobals) = postSolution
		SolutionGuid = {C06A9BAC-20B3-43CC-9F77-95D401C675D0}
	EndGlobalSection
EndGlobal
